
Microsoft Visual Studio Solution File, Format Version 12.00
# Visual Studio Version 16
VisualStudioVersion = 16.0.31702.278
MinimumVisualStudioVersion = 10.0.40219.1
Project("{FAE04EC0-301F-11D3-BF4B-00C04F79EFBC}") = "API1", "API1.csproj", "{ACAF69DD-0DF9-4CAB-81F0-E8CACA92B106}"
EndProject
Global
	GlobalSection(SolutionConfigurationPlatforms) = preSolution
		Debug|Any CPU = Debug|Any CPU
		Release|Any CPU = Release|Any CPU
	EndGlobalSection
	GlobalSection(ProjectConfigurationPlatforms) = postSolution
		{ACAF69DD-0DF9-4CAB-81F0-E8CACA92B106}.Debug|Any CPU.ActiveCfg = Debug|Any CPU
		{ACAF69DD-0DF9-4CAB-81F0-E8CACA92B106}.Debug|Any CPU.Build.0 = Debug|Any CPU
		{ACAF69DD-0DF9-4CAB-81F0-E8CACA92B106}.Release|Any CPU.ActiveCfg = Release|Any CPU
		{ACAF69DD-0DF9-4CAB-81F0-E8CACA92B106}.Release|Any CPU.Build.0 = Release|Any CPU
	EndGlobalSection
	GlobalSection(SolutionProperties) = preSolution
		HideSolutionNode = FALSE
	EndGlobalSection
	GlobalSection(ExtensibilityGlobals) = postSolution
		SolutionGuid = {42AFB4C2-D5DD-4955-A934-E2549E4D31BF}
	EndGlobalSection
EndGlobal
